// !$*UTF8*$!
{
	archiveVersion = 1;
	classes = {
	};
	objectVersion = 46;
	objects = {

/* Begin PBXBuildFile section */
		6C358626154CE1DE00B6FC56 /* UIKit.framework in Frameworks */ = {isa = PBXBuildFile; fileRef = 6C358625154CE1DE00B6FC56 /* UIKit.framework */; };
		6C358628154CE1DE00B6FC56 /* Foundation.framework in Frameworks */ = {isa = PBXBuildFile; fileRef = 6C358627154CE1DE00B6FC56 /* Foundation.framework */; };
		6C35862A154CE1DE00B6FC56 /* CoreGraphics.framework in Frameworks */ = {isa = PBXBuildFile; fileRef = 6C358629154CE1DE00B6FC56 /* CoreGraphics.framework */; };
		6C358630154CE1DE00B6FC56 /* InfoPlist.strings in Resources */ = {isa = PBXBuildFile; fileRef = 6C35862E154CE1DE00B6FC56 /* InfoPlist.strings */; };
		6C358632154CE1DE00B6FC56 /* main.m in Sources */ = {isa = PBXBuildFile; fileRef = 6C358631154CE1DE00B6FC56 /* main.m */; };
		6C358636154CE1DE00B6FC56 /* AppDelegate.m in Sources */ = {isa = PBXBuildFile; fileRef = 6C358635154CE1DE00B6FC56 /* AppDelegate.m */; };
		6C358650154CE24800B6FC56 /* FMDatabase.m in Sources */ = {isa = PBXBuildFile; fileRef = 6C358646154CE24800B6FC56 /* FMDatabase.m */; };
		6C358651154CE24800B6FC56 /* FMDatabaseAdditions.m in Sources */ = {isa = PBXBuildFile; fileRef = 6C358648154CE24800B6FC56 /* FMDatabaseAdditions.m */; };
		6C358652154CE24800B6FC56 /* FMDatabasePool.m in Sources */ = {isa = PBXBuildFile; fileRef = 6C35864A154CE24800B6FC56 /* FMDatabasePool.m */; };
		6C358653154CE24800B6FC56 /* FMDatabaseQueue.m in Sources */ = {isa = PBXBuildFile; fileRef = 6C35864C154CE24800B6FC56 /* FMDatabaseQueue.m */; };
		6C358655154CE24800B6FC56 /* FMResultSet.m in Sources */ = {isa = PBXBuildFile; fileRef = 6C35864F154CE24800B6FC56 /* FMResultSet.m */; };
		6C3586BE154CE30300B6FC56 /* Locales.m in Sources */ = {isa = PBXBuildFile; fileRef = 6C358660154CE30300B6FC56 /* Locales.m */; };
		6C3586BF154CE30300B6FC56 /* Shape.m in Sources */ = {isa = PBXBuildFile; fileRef = 6C358665154CE30300B6FC56 /* Shape.m */; };
		6C3586C1154CE30300B6FC56 /* DataEvent.m in Sources */ = {isa = PBXBuildFile; fileRef = 6C35866C154CE30300B6FC56 /* DataEvent.m */; };
		6C3586C2154CE30300B6FC56 /* Event.m in Sources */ = {isa = PBXBuildFile; fileRef = 6C35866E154CE30300B6FC56 /* Event.m */; };
		6C3586C3154CE30300B6FC56 /* EventDispatcher.m in Sources */ = {isa = PBXBuildFile; fileRef = 6C358670154CE30300B6FC56 /* EventDispatcher.m */; };
		6C3586C4154CE30300B6FC56 /* EventHandler.m in Sources */ = {isa = PBXBuildFile; fileRef = 6C358672154CE30300B6FC56 /* EventHandler.m */; };
		6C3586C5154CE30300B6FC56 /* ProgressEvent.m in Sources */ = {isa = PBXBuildFile; fileRef = 6C358675154CE30300B6FC56 /* ProgressEvent.m */; };
		6C3586C6154CE30300B6FC56 /* GLoader.m in Sources */ = {isa = PBXBuildFile; fileRef = 6C358678154CE30300B6FC56 /* GLoader.m */; };
		6C3586C7154CE30300B6FC56 /* GLoadingItem.m in Sources */ = {isa = PBXBuildFile; fileRef = 6C35867A154CE30300B6FC56 /* GLoadingItem.m */; };
		6C3586D5154CE30300B6FC56 /* GTestCase.m in Sources */ = {isa = PBXBuildFile; fileRef = 6C358698154CE30300B6FC56 /* GTestCase.m */; };
		6C3586D8154CE30300B6FC56 /* GTestSuite.m in Sources */ = {isa = PBXBuildFile; fileRef = 6C35869F154CE30300B6FC56 /* GTestSuite.m */; };
		6C3586DA154CE30300B6FC56 /* GTestViewController.m in Sources */ = {isa = PBXBuildFile; fileRef = 6C3586A3154CE30300B6FC56 /* GTestViewController.m */; };
		6C3586DB154CE30300B6FC56 /* GComponent.m in Sources */ = {isa = PBXBuildFile; fileRef = 6C3586A7154CE30300B6FC56 /* GComponent.m */; };
		6C3586DC154CE30300B6FC56 /* GImage.m in Sources */ = {isa = PBXBuildFile; fileRef = 6C3586AA154CE30300B6FC56 /* GImage.m */; };
		6C3586DD154CE30300B6FC56 /* GLabel.m in Sources */ = {isa = PBXBuildFile; fileRef = 6C3586AD154CE30300B6FC56 /* GLabel.m */; };
		6C3586DE154CE30300B6FC56 /* ColorUtil.m in Sources */ = {isa = PBXBuildFile; fileRef = 6C3586B0154CE30300B6FC56 /* ColorUtil.m */; };
		6C3586DF154CE30300B6FC56 /* DateUtil.m in Sources */ = {isa = PBXBuildFile; fileRef = 6C3586B2154CE30300B6FC56 /* DateUtil.m */; };
		6C3586E0154CE30300B6FC56 /* FunctionUtil.m in Sources */ = {isa = PBXBuildFile; fileRef = 6C3586B4154CE30300B6FC56 /* FunctionUtil.m */; };
		6C3586E1154CE30300B6FC56 /* ViewUtil.m in Sources */ = {isa = PBXBuildFile; fileRef = 6C3586B6154CE30300B6FC56 /* ViewUtil.m */; };
		6C3586E2154CE30300B6FC56 /* GView.m in Sources */ = {isa = PBXBuildFile; fileRef = 6C3586B9154CE30300B6FC56 /* GView.m */; };
		6C3586E3154CE30300B6FC56 /* GViewController.m in Sources */ = {isa = PBXBuildFile; fileRef = 6C3586BC154CE30300B6FC56 /* GViewController.m */; };
		6C3586E7154CE47100B6FC56 /* TestAppViewController.m in Sources */ = {isa = PBXBuildFile; fileRef = 6C3586E6154CE47100B6FC56 /* TestAppViewController.m */; };
		6C3586EC154CE51900B6FC56 /* FMDBSuite.m in Sources */ = {isa = PBXBuildFile; fileRef = 6C3586EB154CE51900B6FC56 /* FMDBSuite.m */; };
		6C3586EF154CE55D00B6FC56 /* CreateDatabaseTestCase.m in Sources */ = {isa = PBXBuildFile; fileRef = 6C3586EE154CE55D00B6FC56 /* CreateDatabaseTestCase.m */; };
		6C3586F1154CE5DF00B6FC56 /* libsqlite3.dylib in Frameworks */ = {isa = PBXBuildFile; fileRef = 6C3586F0154CE5DF00B6FC56 /* libsqlite3.dylib */; };
		6C3586F4154CE90C00B6FC56 /* FMDModel.m in Sources */ = {isa = PBXBuildFile; fileRef = 6C3586F3154CE90C00B6FC56 /* FMDModel.m */; };
		6C3586F7154CEA2A00B6FC56 /* Product.m in Sources */ = {isa = PBXBuildFile; fileRef = 6C3586F6154CEA2A00B6FC56 /* Product.m */; };
		6C3586FA154CEB2F00B6FC56 /* Database.m in Sources */ = {isa = PBXBuildFile; fileRef = 6C3586F9154CEB2E00B6FC56 /* Database.m */; };
		6C3586FD154D84DB00B6FC56 /* ProductTestCase.m in Sources */ = {isa = PBXBuildFile; fileRef = 6C3586FC154D84DB00B6FC56 /* ProductTestCase.m */; };
/* End PBXBuildFile section */

/* Begin PBXFileReference section */
		6C358621154CE1DE00B6FC56 /* FMDB.app */ = {isa = PBXFileReference; explicitFileType = wrapper.application; includeInIndex = 0; path = FMDB.app; sourceTree = BUILT_PRODUCTS_DIR; };
		6C358625154CE1DE00B6FC56 /* UIKit.framework */ = {isa = PBXFileReference; lastKnownFileType = wrapper.framework; name = UIKit.framework; path = System/Library/Frameworks/UIKit.framework; sourceTree = SDKROOT; };
		6C358627154CE1DE00B6FC56 /* Foundation.framework */ = {isa = PBXFileReference; lastKnownFileType = wrapper.framework; name = Foundation.framework; path = System/Library/Frameworks/Foundation.framework; sourceTree = SDKROOT; };
		6C358629154CE1DE00B6FC56 /* CoreGraphics.framework */ = {isa = PBXFileReference; lastKnownFileType = wrapper.framework; name = CoreGraphics.framework; path = System/Library/Frameworks/CoreGraphics.framework; sourceTree = SDKROOT; };
		6C35862D154CE1DE00B6FC56 /* FMDB-Info.plist */ = {isa = PBXFileReference; lastKnownFileType = text.plist.xml; path = "FMDB-Info.plist"; sourceTree = "<group>"; };
		6C35862F154CE1DE00B6FC56 /* en */ = {isa = PBXFileReference; lastKnownFileType = text.plist.strings; name = en; path = en.lproj/InfoPlist.strings; sourceTree = "<group>"; };
		6C358631154CE1DE00B6FC56 /* main.m */ = {isa = PBXFileReference; lastKnownFileType = sourcecode.c.objc; path = main.m; sourceTree = "<group>"; };
		6C358633154CE1DE00B6FC56 /* FMDB-Prefix.pch */ = {isa = PBXFileReference; lastKnownFileType = sourcecode.c.h; path = "FMDB-Prefix.pch"; sourceTree = "<group>"; };
		6C358634154CE1DE00B6FC56 /* AppDelegate.h */ = {isa = PBXFileReference; lastKnownFileType = sourcecode.c.h; path = AppDelegate.h; sourceTree = "<group>"; };
		6C358635154CE1DE00B6FC56 /* AppDelegate.m */ = {isa = PBXFileReference; lastKnownFileType = sourcecode.c.objc; path = AppDelegate.m; sourceTree = "<group>"; };
		6C358645154CE24800B6FC56 /* FMDatabase.h */ = {isa = PBXFileReference; fileEncoding = 4; lastKnownFileType = sourcecode.c.h; path = FMDatabase.h; sourceTree = "<group>"; };
		6C358646154CE24800B6FC56 /* FMDatabase.m */ = {isa = PBXFileReference; fileEncoding = 4; lastKnownFileType = sourcecode.c.objc; path = FMDatabase.m; sourceTree = "<group>"; };
		6C358647154CE24800B6FC56 /* FMDatabaseAdditions.h */ = {isa = PBXFileReference; fileEncoding = 4; lastKnownFileType = sourcecode.c.h; path = FMDatabaseAdditions.h; sourceTree = "<group>"; };
		6C358648154CE24800B6FC56 /* FMDatabaseAdditions.m */ = {isa = PBXFileReference; fileEncoding = 4; lastKnownFileType = sourcecode.c.objc; path = FMDatabaseAdditions.m; sourceTree = "<group>"; };
		6C358649154CE24800B6FC56 /* FMDatabasePool.h */ = {isa = PBXFileReference; fileEncoding = 4; lastKnownFileType = sourcecode.c.h; path = FMDatabasePool.h; sourceTree = "<group>"; };
		6C35864A154CE24800B6FC56 /* FMDatabasePool.m */ = {isa = PBXFileReference; fileEncoding = 4; lastKnownFileType = sourcecode.c.objc; path = FMDatabasePool.m; sourceTree = "<group>"; };
		6C35864B154CE24800B6FC56 /* FMDatabaseQueue.h */ = {isa = PBXFileReference; fileEncoding = 4; lastKnownFileType = sourcecode.c.h; path = FMDatabaseQueue.h; sourceTree = "<group>"; };
		6C35864C154CE24800B6FC56 /* FMDatabaseQueue.m */ = {isa = PBXFileReference; fileEncoding = 4; lastKnownFileType = sourcecode.c.objc; path = FMDatabaseQueue.m; sourceTree = "<group>"; };
		6C35864E154CE24800B6FC56 /* FMResultSet.h */ = {isa = PBXFileReference; fileEncoding = 4; lastKnownFileType = sourcecode.c.h; path = FMResultSet.h; sourceTree = "<group>"; };
		6C35864F154CE24800B6FC56 /* FMResultSet.m */ = {isa = PBXFileReference; fileEncoding = 4; lastKnownFileType = sourcecode.c.objc; path = FMResultSet.m; sourceTree = "<group>"; };
		6C35865F154CE30300B6FC56 /* Locales.h */ = {isa = PBXFileReference; fileEncoding = 4; lastKnownFileType = sourcecode.c.h; path = Locales.h; sourceTree = "<group>"; };
		6C358660154CE30300B6FC56 /* Locales.m */ = {isa = PBXFileReference; fileEncoding = 4; lastKnownFileType = sourcecode.c.objc; path = Locales.m; sourceTree = "<group>"; };
		6C358662154CE30300B6FC56 /* IDestroyable.h */ = {isa = PBXFileReference; fileEncoding = 4; lastKnownFileType = sourcecode.c.h; path = IDestroyable.h; sourceTree = "<group>"; };
		6C358664154CE30300B6FC56 /* Shape.h */ = {isa = PBXFileReference; fileEncoding = 4; lastKnownFileType = sourcecode.c.h; path = Shape.h; sourceTree = "<group>"; };
		6C358665154CE30300B6FC56 /* Shape.m */ = {isa = PBXFileReference; fileEncoding = 4; lastKnownFileType = sourcecode.c.objc; path = Shape.m; sourceTree = "<group>"; };
		6C35866B154CE30300B6FC56 /* DataEvent.h */ = {isa = PBXFileReference; fileEncoding = 4; lastKnownFileType = sourcecode.c.h; path = DataEvent.h; sourceTree = "<group>"; };
		6C35866C154CE30300B6FC56 /* DataEvent.m */ = {isa = PBXFileReference; fileEncoding = 4; lastKnownFileType = sourcecode.c.objc; path = DataEvent.m; sourceTree = "<group>"; };
		6C35866D154CE30300B6FC56 /* Event.h */ = {isa = PBXFileReference; fileEncoding = 4; lastKnownFileType = sourcecode.c.h; path = Event.h; sourceTree = "<group>"; };
		6C35866E154CE30300B6FC56 /* Event.m */ = {isa = PBXFileReference; fileEncoding = 4; lastKnownFileType = sourcecode.c.objc; path = Event.m; sourceTree = "<group>"; };
		6C35866F154CE30300B6FC56 /* EventDispatcher.h */ = {isa = PBXFileReference; fileEncoding = 4; lastKnownFileType = sourcecode.c.h; path = EventDispatcher.h; sourceTree = "<group>"; };
		6C358670154CE30300B6FC56 /* EventDispatcher.m */ = {isa = PBXFileReference; fileEncoding = 4; lastKnownFileType = sourcecode.c.objc; path = EventDispatcher.m; sourceTree = "<group>"; };
		6C358671154CE30300B6FC56 /* EventHandler.h */ = {isa = PBXFileReference; fileEncoding = 4; lastKnownFileType = sourcecode.c.h; path = EventHandler.h; sourceTree = "<group>"; };
		6C358672154CE30300B6FC56 /* EventHandler.m */ = {isa = PBXFileReference; fileEncoding = 4; lastKnownFileType = sourcecode.c.objc; path = EventHandler.m; sourceTree = "<group>"; };
		6C358673154CE30300B6FC56 /* IEventDispatcher.h */ = {isa = PBXFileReference; fileEncoding = 4; lastKnownFileType = sourcecode.c.h; path = IEventDispatcher.h; sourceTree = "<group>"; };
		6C358674154CE30300B6FC56 /* ProgressEvent.h */ = {isa = PBXFileReference; fileEncoding = 4; lastKnownFileType = sourcecode.c.h; path = ProgressEvent.h; sourceTree = "<group>"; };
		6C358675154CE30300B6FC56 /* ProgressEvent.m */ = {isa = PBXFileReference; fileEncoding = 4; lastKnownFileType = sourcecode.c.objc; path = ProgressEvent.m; sourceTree = "<group>"; };
		6C358677154CE30300B6FC56 /* GLoader.h */ = {isa = PBXFileReference; fileEncoding = 4; lastKnownFileType = sourcecode.c.h; path = GLoader.h; sourceTree = "<group>"; };
		6C358678154CE30300B6FC56 /* GLoader.m */ = {isa = PBXFileReference; fileEncoding = 4; lastKnownFileType = sourcecode.c.objc; path = GLoader.m; sourceTree = "<group>"; };
		6C358679154CE30300B6FC56 /* GLoadingItem.h */ = {isa = PBXFileReference; fileEncoding = 4; lastKnownFileType = sourcecode.c.h; path = GLoadingItem.h; sourceTree = "<group>"; };
		6C35867A154CE30300B6FC56 /* GLoadingItem.m */ = {isa = PBXFileReference; fileEncoding = 4; lastKnownFileType = sourcecode.c.objc; path = GLoadingItem.m; sourceTree = "<group>"; };
		6C358697154CE30300B6FC56 /* GTestCase.h */ = {isa = PBXFileReference; fileEncoding = 4; lastKnownFileType = sourcecode.c.h; path = GTestCase.h; sourceTree = "<group>"; };
		6C358698154CE30300B6FC56 /* GTestCase.m */ = {isa = PBXFileReference; fileEncoding = 4; lastKnownFileType = sourcecode.c.objc; path = GTestCase.m; sourceTree = "<group>"; };
		6C35869E154CE30300B6FC56 /* GTestSuite.h */ = {isa = PBXFileReference; fileEncoding = 4; lastKnownFileType = sourcecode.c.h; path = GTestSuite.h; sourceTree = "<group>"; };
		6C35869F154CE30300B6FC56 /* GTestSuite.m */ = {isa = PBXFileReference; fileEncoding = 4; lastKnownFileType = sourcecode.c.objc; path = GTestSuite.m; sourceTree = "<group>"; };
		6C3586A2154CE30300B6FC56 /* GTestViewController.h */ = {isa = PBXFileReference; fileEncoding = 4; lastKnownFileType = sourcecode.c.h; path = GTestViewController.h; sourceTree = "<group>"; };
		6C3586A3154CE30300B6FC56 /* GTestViewController.m */ = {isa = PBXFileReference; fileEncoding = 4; lastKnownFileType = sourcecode.c.objc; path = GTestViewController.m; sourceTree = "<group>"; };
		6C3586A6154CE30300B6FC56 /* GComponent.h */ = {isa = PBXFileReference; fileEncoding = 4; lastKnownFileType = sourcecode.c.h; path = GComponent.h; sourceTree = "<group>"; };
		6C3586A7154CE30300B6FC56 /* GComponent.m */ = {isa = PBXFileReference; fileEncoding = 4; lastKnownFileType = sourcecode.c.objc; path = GComponent.m; sourceTree = "<group>"; };
		6C3586A9154CE30300B6FC56 /* GImage.h */ = {isa = PBXFileReference; fileEncoding = 4; lastKnownFileType = sourcecode.c.h; path = GImage.h; sourceTree = "<group>"; };
		6C3586AA154CE30300B6FC56 /* GImage.m */ = {isa = PBXFileReference; fileEncoding = 4; lastKnownFileType = sourcecode.c.objc; path = GImage.m; sourceTree = "<group>"; };
		6C3586AC154CE30300B6FC56 /* GLabel.h */ = {isa = PBXFileReference; fileEncoding = 4; lastKnownFileType = sourcecode.c.h; path = GLabel.h; sourceTree = "<group>"; };
		6C3586AD154CE30300B6FC56 /* GLabel.m */ = {isa = PBXFileReference; fileEncoding = 4; lastKnownFileType = sourcecode.c.objc; path = GLabel.m; sourceTree = "<group>"; };
		6C3586AF154CE30300B6FC56 /* ColorUtil.h */ = {isa = PBXFileReference; fileEncoding = 4; lastKnownFileType = sourcecode.c.h; path = ColorUtil.h; sourceTree = "<group>"; };
		6C3586B0154CE30300B6FC56 /* ColorUtil.m */ = {isa = PBXFileReference; fileEncoding = 4; lastKnownFileType = sourcecode.c.objc; path = ColorUtil.m; sourceTree = "<group>"; };
		6C3586B1154CE30300B6FC56 /* DateUtil.h */ = {isa = PBXFileReference; fileEncoding = 4; lastKnownFileType = sourcecode.c.h; path = DateUtil.h; sourceTree = "<group>"; };
		6C3586B2154CE30300B6FC56 /* DateUtil.m */ = {isa = PBXFileReference; fileEncoding = 4; lastKnownFileType = sourcecode.c.objc; path = DateUtil.m; sourceTree = "<group>"; };
		6C3586B3154CE30300B6FC56 /* FunctionUtil.h */ = {isa = PBXFileReference; fileEncoding = 4; lastKnownFileType = sourcecode.c.h; path = FunctionUtil.h; sourceTree = "<group>"; };
		6C3586B4154CE30300B6FC56 /* FunctionUtil.m */ = {isa = PBXFileReference; fileEncoding = 4; lastKnownFileType = sourcecode.c.objc; path = FunctionUtil.m; sourceTree = "<group>"; };
		6C3586B5154CE30300B6FC56 /* ViewUtil.h */ = {isa = PBXFileReference; fileEncoding = 4; lastKnownFileType = sourcecode.c.h; path = ViewUtil.h; sourceTree = "<group>"; };
		6C3586B6154CE30300B6FC56 /* ViewUtil.m */ = {isa = PBXFileReference; fileEncoding = 4; lastKnownFileType = sourcecode.c.objc; path = ViewUtil.m; sourceTree = "<group>"; };
		6C3586B8154CE30300B6FC56 /* GView.h */ = {isa = PBXFileReference; fileEncoding = 4; lastKnownFileType = sourcecode.c.h; path = GView.h; sourceTree = "<group>"; };
		6C3586B9154CE30300B6FC56 /* GView.m */ = {isa = PBXFileReference; fileEncoding = 4; lastKnownFileType = sourcecode.c.objc; path = GView.m; sourceTree = "<group>"; };
		6C3586BB154CE30300B6FC56 /* GViewController.h */ = {isa = PBXFileReference; fileEncoding = 4; lastKnownFileType = sourcecode.c.h; path = GViewController.h; sourceTree = "<group>"; };
		6C3586BC154CE30300B6FC56 /* GViewController.m */ = {isa = PBXFileReference; fileEncoding = 4; lastKnownFileType = sourcecode.c.objc; path = GViewController.m; sourceTree = "<group>"; };
		6C3586E5154CE47100B6FC56 /* TestAppViewController.h */ = {isa = PBXFileReference; fileEncoding = 4; lastKnownFileType = sourcecode.c.h; path = TestAppViewController.h; sourceTree = "<group>"; };
		6C3586E6154CE47100B6FC56 /* TestAppViewController.m */ = {isa = PBXFileReference; fileEncoding = 4; lastKnownFileType = sourcecode.c.objc; path = TestAppViewController.m; sourceTree = "<group>"; };
		6C3586EA154CE51900B6FC56 /* FMDBSuite.h */ = {isa = PBXFileReference; fileEncoding = 4; lastKnownFileType = sourcecode.c.h; path = FMDBSuite.h; sourceTree = "<group>"; };
		6C3586EB154CE51900B6FC56 /* FMDBSuite.m */ = {isa = PBXFileReference; fileEncoding = 4; lastKnownFileType = sourcecode.c.objc; path = FMDBSuite.m; sourceTree = "<group>"; };
		6C3586ED154CE55D00B6FC56 /* CreateDatabaseTestCase.h */ = {isa = PBXFileReference; fileEncoding = 4; lastKnownFileType = sourcecode.c.h; path = CreateDatabaseTestCase.h; sourceTree = "<group>"; };
		6C3586EE154CE55D00B6FC56 /* CreateDatabaseTestCase.m */ = {isa = PBXFileReference; fileEncoding = 4; lastKnownFileType = sourcecode.c.objc; path = CreateDatabaseTestCase.m; sourceTree = "<group>"; };
		6C3586F0154CE5DF00B6FC56 /* libsqlite3.dylib */ = {isa = PBXFileReference; lastKnownFileType = "compiled.mach-o.dylib"; name = libsqlite3.dylib; path = usr/lib/libsqlite3.dylib; sourceTree = SDKROOT; };
		6C3586F2154CE90C00B6FC56 /* FMDModel.h */ = {isa = PBXFileReference; fileEncoding = 4; lastKnownFileType = sourcecode.c.h; path = FMDModel.h; sourceTree = "<group>"; };
		6C3586F3154CE90C00B6FC56 /* FMDModel.m */ = {isa = PBXFileReference; fileEncoding = 4; lastKnownFileType = sourcecode.c.objc; path = FMDModel.m; sourceTree = "<group>"; };
		6C3586F5154CEA2A00B6FC56 /* Product.h */ = {isa = PBXFileReference; fileEncoding = 4; lastKnownFileType = sourcecode.c.h; path = Product.h; sourceTree = "<group>"; };
		6C3586F6154CEA2A00B6FC56 /* Product.m */ = {isa = PBXFileReference; fileEncoding = 4; lastKnownFileType = sourcecode.c.objc; path = Product.m; sourceTree = "<group>"; };
		6C3586F8154CEB2E00B6FC56 /* Database.h */ = {isa = PBXFileReference; fileEncoding = 4; lastKnownFileType = sourcecode.c.h; path = Database.h; sourceTree = "<group>"; };
		6C3586F9154CEB2E00B6FC56 /* Database.m */ = {isa = PBXFileReference; fileEncoding = 4; lastKnownFileType = sourcecode.c.objc; path = Database.m; sourceTree = "<group>"; };
		6C3586FB154D84DB00B6FC56 /* ProductTestCase.h */ = {isa = PBXFileReference; fileEncoding = 4; lastKnownFileType = sourcecode.c.h; path = ProductTestCase.h; sourceTree = "<group>"; };
		6C3586FC154D84DB00B6FC56 /* ProductTestCase.m */ = {isa = PBXFileReference; fileEncoding = 4; lastKnownFileType = sourcecode.c.objc; path = ProductTestCase.m; sourceTree = "<group>"; };
/* End PBXFileReference section */

/* Begin PBXFrameworksBuildPhase section */
		6C35861E154CE1DE00B6FC56 /* Frameworks */ = {
			isa = PBXFrameworksBuildPhase;
			buildActionMask = 2147483647;
			files = (
				6C3586F1154CE5DF00B6FC56 /* libsqlite3.dylib in Frameworks */,
				6C358626154CE1DE00B6FC56 /* UIKit.framework in Frameworks */,
				6C358628154CE1DE00B6FC56 /* Foundation.framework in Frameworks */,
				6C35862A154CE1DE00B6FC56 /* CoreGraphics.framework in Frameworks */,
			);
			runOnlyForDeploymentPostprocessing = 0;
		};
/* End PBXFrameworksBuildPhase section */

/* Begin PBXGroup section */
		6C358616154CE1DD00B6FC56 = {
			isa = PBXGroup;
			children = (
				6C3586F0154CE5DF00B6FC56 /* libsqlite3.dylib */,
				6C358658154CE30300B6FC56 /* lib */,
				6C358657154CE25000B6FC56 /* test */,
				6C358644154CE24800B6FC56 /* src */,
				6C35862B154CE1DE00B6FC56 /* FMDB */,
				6C358624154CE1DE00B6FC56 /* Frameworks */,
				6C358622154CE1DE00B6FC56 /* Products */,
			);
			sourceTree = "<group>";
		};
		6C358622154CE1DE00B6FC56 /* Products */ = {
			isa = PBXGroup;
			children = (
				6C358621154CE1DE00B6FC56 /* FMDB.app */,
			);
			name = Products;
			sourceTree = "<group>";
		};
		6C358624154CE1DE00B6FC56 /* Frameworks */ = {
			isa = PBXGroup;
			children = (
				6C358625154CE1DE00B6FC56 /* UIKit.framework */,
				6C358627154CE1DE00B6FC56 /* Foundation.framework */,
				6C358629154CE1DE00B6FC56 /* CoreGraphics.framework */,
			);
			name = Frameworks;
			sourceTree = "<group>";
		};
		6C35862B154CE1DE00B6FC56 /* FMDB */ = {
			isa = PBXGroup;
			children = (
				6C358634154CE1DE00B6FC56 /* AppDelegate.h */,
				6C358635154CE1DE00B6FC56 /* AppDelegate.m */,
				6C35862C154CE1DE00B6FC56 /* Supporting Files */,
			);
			path = FMDB;
			sourceTree = "<group>";
		};
		6C35862C154CE1DE00B6FC56 /* Supporting Files */ = {
			isa = PBXGroup;
			children = (
				6C35862D154CE1DE00B6FC56 /* FMDB-Info.plist */,
				6C35862E154CE1DE00B6FC56 /* InfoPlist.strings */,
				6C358631154CE1DE00B6FC56 /* main.m */,
				6C358633154CE1DE00B6FC56 /* FMDB-Prefix.pch */,
			);
			name = "Supporting Files";
			sourceTree = "<group>";
		};
		6C358644154CE24800B6FC56 /* src */ = {
			isa = PBXGroup;
			children = (
				6C358645154CE24800B6FC56 /* FMDatabase.h */,
				6C358646154CE24800B6FC56 /* FMDatabase.m */,
				6C358647154CE24800B6FC56 /* FMDatabaseAdditions.h */,
				6C358648154CE24800B6FC56 /* FMDatabaseAdditions.m */,
				6C358649154CE24800B6FC56 /* FMDatabasePool.h */,
				6C35864A154CE24800B6FC56 /* FMDatabasePool.m */,
				6C35864B154CE24800B6FC56 /* FMDatabaseQueue.h */,
				6C35864C154CE24800B6FC56 /* FMDatabaseQueue.m */,
				6C35864E154CE24800B6FC56 /* FMResultSet.h */,
				6C35864F154CE24800B6FC56 /* FMResultSet.m */,
				6C3586F2154CE90C00B6FC56 /* FMDModel.h */,
				6C3586F3154CE90C00B6FC56 /* FMDModel.m */,
			);
			name = src;
			path = FMDB/src;
			sourceTree = "<group>";
		};
		6C358657154CE25000B6FC56 /* test */ = {
			isa = PBXGroup;
			children = (
				6C3586E8154CE50000B6FC56 /* case */,
				6C3586E9154CE50000B6FC56 /* suite */,
				6C3586E5154CE47100B6FC56 /* TestAppViewController.h */,
				6C3586E6154CE47100B6FC56 /* TestAppViewController.m */,
				6C3586F5154CEA2A00B6FC56 /* Product.h */,
				6C3586F6154CEA2A00B6FC56 /* Product.m */,
				6C3586F8154CEB2E00B6FC56 /* Database.h */,
				6C3586F9154CEB2E00B6FC56 /* Database.m */,
			);
			name = test;
			path = FMDB/test;
			sourceTree = "<group>";
		};
		6C358658154CE30300B6FC56 /* lib */ = {
			isa = PBXGroup;
			children = (
				6C358659154CE30300B6FC56 /* bin */,
				6C35865A154CE30300B6FC56 /* src */,
			);
			name = lib;
			path = FMDB/lib;
			sourceTree = "<group>";
		};
		6C358659154CE30300B6FC56 /* bin */ = {
			isa = PBXGroup;
			children = (
			);
			path = bin;
			sourceTree = "<group>";
		};
		6C35865A154CE30300B6FC56 /* src */ = {
			isa = PBXGroup;
			children = (
				6C35865B154CE30300B6FC56 /* com */,
			);
			path = src;
			sourceTree = "<group>";
		};
		6C35865B154CE30300B6FC56 /* com */ = {
			isa = PBXGroup;
			children = (
				6C35865C154CE30300B6FC56 /* geleca */,
			);
			path = com;
			sourceTree = "<group>";
		};
		6C35865C154CE30300B6FC56 /* geleca */ = {
			isa = PBXGroup;
			children = (
				6C35865D154CE30300B6FC56 /* objectivec */,
			);
			path = geleca;
			sourceTree = "<group>";
		};
		6C35865D154CE30300B6FC56 /* objectivec */ = {
			isa = PBXGroup;
			children = (
				6C35865E154CE30300B6FC56 /* constants */,
				6C358661154CE30300B6FC56 /* core */,
				6C358663154CE30300B6FC56 /* display */,
				6C35866A154CE30300B6FC56 /* events */,
				6C358676154CE30300B6FC56 /* loading */,
				6C35867B154CE30300B6FC56 /* test */,
				6C3586A4154CE30300B6FC56 /* ui */,
				6C3586AE154CE30300B6FC56 /* util */,
				6C3586B7154CE30300B6FC56 /* view */,
			);
			path = objectivec;
			sourceTree = "<group>";
		};
		6C35865E154CE30300B6FC56 /* constants */ = {
			isa = PBXGroup;
			children = (
				6C35865F154CE30300B6FC56 /* Locales.h */,
				6C358660154CE30300B6FC56 /* Locales.m */,
			);
			path = constants;
			sourceTree = "<group>";
		};
		6C358661154CE30300B6FC56 /* core */ = {
			isa = PBXGroup;
			children = (
				6C358662154CE30300B6FC56 /* IDestroyable.h */,
			);
			path = core;
			sourceTree = "<group>";
		};
		6C358663154CE30300B6FC56 /* display */ = {
			isa = PBXGroup;
			children = (
				6C358664154CE30300B6FC56 /* Shape.h */,
				6C358665154CE30300B6FC56 /* Shape.m */,
			);
			path = display;
			sourceTree = "<group>";
		};
		6C35866A154CE30300B6FC56 /* events */ = {
			isa = PBXGroup;
			children = (
				6C35866B154CE30300B6FC56 /* DataEvent.h */,
				6C35866C154CE30300B6FC56 /* DataEvent.m */,
				6C35866D154CE30300B6FC56 /* Event.h */,
				6C35866E154CE30300B6FC56 /* Event.m */,
				6C35866F154CE30300B6FC56 /* EventDispatcher.h */,
				6C358670154CE30300B6FC56 /* EventDispatcher.m */,
				6C358671154CE30300B6FC56 /* EventHandler.h */,
				6C358672154CE30300B6FC56 /* EventHandler.m */,
				6C358673154CE30300B6FC56 /* IEventDispatcher.h */,
				6C358674154CE30300B6FC56 /* ProgressEvent.h */,
				6C358675154CE30300B6FC56 /* ProgressEvent.m */,
			);
			path = events;
			sourceTree = "<group>";
		};
		6C358676154CE30300B6FC56 /* loading */ = {
			isa = PBXGroup;
			children = (
				6C358677154CE30300B6FC56 /* GLoader.h */,
				6C358678154CE30300B6FC56 /* GLoader.m */,
				6C358679154CE30300B6FC56 /* GLoadingItem.h */,
				6C35867A154CE30300B6FC56 /* GLoadingItem.m */,
			);
			path = loading;
			sourceTree = "<group>";
		};
		6C35867B154CE30300B6FC56 /* test */ = {
			isa = PBXGroup;
			children = (
				6C35867C154CE30300B6FC56 /* case */,
				6C358699154CE30300B6FC56 /* suite */,
				6C3586A2154CE30300B6FC56 /* GTestViewController.h */,
				6C3586A3154CE30300B6FC56 /* GTestViewController.m */,
			);
			path = test;
			sourceTree = "<group>";
		};
		6C35867C154CE30300B6FC56 /* case */ = {
			isa = PBXGroup;
			children = (
				6C358697154CE30300B6FC56 /* GTestCase.h */,
				6C358698154CE30300B6FC56 /* GTestCase.m */,
			);
			path = case;
			sourceTree = "<group>";
		};
		6C358699154CE30300B6FC56 /* suite */ = {
			isa = PBXGroup;
			children = (
				6C35869E154CE30300B6FC56 /* GTestSuite.h */,
				6C35869F154CE30300B6FC56 /* GTestSuite.m */,
			);
			path = suite;
			sourceTree = "<group>";
		};
		6C3586A4154CE30300B6FC56 /* ui */ = {
			isa = PBXGroup;
			children = (
				6C3586A5154CE30300B6FC56 /* component */,
			);
			path = ui;
			sourceTree = "<group>";
		};
		6C3586A5154CE30300B6FC56 /* component */ = {
			isa = PBXGroup;
			children = (
				6C3586A6154CE30300B6FC56 /* GComponent.h */,
				6C3586A7154CE30300B6FC56 /* GComponent.m */,
				6C3586A8154CE30300B6FC56 /* image */,
				6C3586AB154CE30300B6FC56 /* label */,
			);
			path = component;
			sourceTree = "<group>";
		};
		6C3586A8154CE30300B6FC56 /* image */ = {
			isa = PBXGroup;
			children = (
				6C3586A9154CE30300B6FC56 /* GImage.h */,
				6C3586AA154CE30300B6FC56 /* GImage.m */,
			);
			path = image;
			sourceTree = "<group>";
		};
		6C3586AB154CE30300B6FC56 /* label */ = {
			isa = PBXGroup;
			children = (
				6C3586AC154CE30300B6FC56 /* GLabel.h */,
				6C3586AD154CE30300B6FC56 /* GLabel.m */,
			);
			path = label;
			sourceTree = "<group>";
		};
		6C3586AE154CE30300B6FC56 /* util */ = {
			isa = PBXGroup;
			children = (
				6C3586AF154CE30300B6FC56 /* ColorUtil.h */,
				6C3586B0154CE30300B6FC56 /* ColorUtil.m */,
				6C3586B1154CE30300B6FC56 /* DateUtil.h */,
				6C3586B2154CE30300B6FC56 /* DateUtil.m */,
				6C3586B3154CE30300B6FC56 /* FunctionUtil.h */,
				6C3586B4154CE30300B6FC56 /* FunctionUtil.m */,
				6C3586B5154CE30300B6FC56 /* ViewUtil.h */,
				6C3586B6154CE30300B6FC56 /* ViewUtil.m */,
			);
			path = util;
			sourceTree = "<group>";
		};
		6C3586B7154CE30300B6FC56 /* view */ = {
			isa = PBXGroup;
			children = (
				6C3586B8154CE30300B6FC56 /* GView.h */,
				6C3586B9154CE30300B6FC56 /* GView.m */,
				6C3586BA154CE30300B6FC56 /* viewcontroller */,
			);
			path = view;
			sourceTree = "<group>";
		};
		6C3586BA154CE30300B6FC56 /* viewcontroller */ = {
			isa = PBXGroup;
			children = (
				6C3586BB154CE30300B6FC56 /* GViewController.h */,
				6C3586BC154CE30300B6FC56 /* GViewController.m */,
			);
			path = viewcontroller;
			sourceTree = "<group>";
		};
		6C3586E8154CE50000B6FC56 /* case */ = {
			isa = PBXGroup;
			children = (
				6C3586ED154CE55D00B6FC56 /* CreateDatabaseTestCase.h */,
				6C3586EE154CE55D00B6FC56 /* CreateDatabaseTestCase.m */,
				6C3586FB154D84DB00B6FC56 /* ProductTestCase.h */,
				6C3586FC154D84DB00B6FC56 /* ProductTestCase.m */,
			);
			path = case;
			sourceTree = "<group>";
		};
		6C3586E9154CE50000B6FC56 /* suite */ = {
			isa = PBXGroup;
			children = (
				6C3586EA154CE51900B6FC56 /* FMDBSuite.h */,
				6C3586EB154CE51900B6FC56 /* FMDBSuite.m */,
			);
			path = suite;
			sourceTree = "<group>";
		};
/* End PBXGroup section */

/* Begin PBXNativeTarget section */
		6C358620154CE1DE00B6FC56 /* FMDB */ = {
			isa = PBXNativeTarget;
			buildConfigurationList = 6C358639154CE1DE00B6FC56 /* Build configuration list for PBXNativeTarget "FMDB" */;
			buildPhases = (
				6C35861D154CE1DE00B6FC56 /* Sources */,
				6C35861E154CE1DE00B6FC56 /* Frameworks */,
				6C35861F154CE1DE00B6FC56 /* Resources */,
			);
			buildRules = (
			);
			dependencies = (
			);
			name = FMDB;
			productName = FMDB;
			productReference = 6C358621154CE1DE00B6FC56 /* FMDB.app */;
			productType = "com.apple.product-type.application";
		};
/* End PBXNativeTarget section */

/* Begin PBXProject section */
		6C358618154CE1DD00B6FC56 /* Project object */ = {
			isa = PBXProject;
			attributes = {
				LastUpgradeCheck = 0430;
				ORGANIZATIONNAME = "Simbionte Studios";
			};
			buildConfigurationList = 6C35861B154CE1DD00B6FC56 /* Build configuration list for PBXProject "FMDB" */;
			compatibilityVersion = "Xcode 3.2";
			developmentRegion = English;
			hasScannedForEncodings = 0;
			knownRegions = (
				en,
			);
			mainGroup = 6C358616154CE1DD00B6FC56;
			productRefGroup = 6C358622154CE1DE00B6FC56 /* Products */;
			projectDirPath = "";
			projectRoot = "";
			targets = (
				6C358620154CE1DE00B6FC56 /* FMDB */,
			);
		};
/* End PBXProject section */

/* Begin PBXResourcesBuildPhase section */
		6C35861F154CE1DE00B6FC56 /* Resources */ = {
			isa = PBXResourcesBuildPhase;
			buildActionMask = 2147483647;
			files = (
				6C358630154CE1DE00B6FC56 /* InfoPlist.strings in Resources */,
			);
			runOnlyForDeploymentPostprocessing = 0;
		};
/* End PBXResourcesBuildPhase section */

/* Begin PBXSourcesBuildPhase section */
		6C35861D154CE1DE00B6FC56 /* Sources */ = {
			isa = PBXSourcesBuildPhase;
			buildActionMask = 2147483647;
			files = (
				6C358632154CE1DE00B6FC56 /* main.m in Sources */,
				6C358636154CE1DE00B6FC56 /* AppDelegate.m in Sources */,
				6C358650154CE24800B6FC56 /* FMDatabase.m in Sources */,
				6C358651154CE24800B6FC56 /* FMDatabaseAdditions.m in Sources */,
				6C358652154CE24800B6FC56 /* FMDatabasePool.m in Sources */,
				6C358653154CE24800B6FC56 /* FMDatabaseQueue.m in Sources */,
				6C358655154CE24800B6FC56 /* FMResultSet.m in Sources */,
				6C3586BE154CE30300B6FC56 /* Locales.m in Sources */,
				6C3586BF154CE30300B6FC56 /* Shape.m in Sources */,
				6C3586C1154CE30300B6FC56 /* DataEvent.m in Sources */,
				6C3586C2154CE30300B6FC56 /* Event.m in Sources */,
				6C3586C3154CE30300B6FC56 /* EventDispatcher.m in Sources */,
				6C3586C4154CE30300B6FC56 /* EventHandler.m in Sources */,
				6C3586C5154CE30300B6FC56 /* ProgressEvent.m in Sources */,
				6C3586C6154CE30300B6FC56 /* GLoader.m in Sources */,
				6C3586C7154CE30300B6FC56 /* GLoadingItem.m in Sources */,
				6C3586D5154CE30300B6FC56 /* GTestCase.m in Sources */,
				6C3586D8154CE30300B6FC56 /* GTestSuite.m in Sources */,
				6C3586DA154CE30300B6FC56 /* GTestViewController.m in Sources */,
				6C3586DB154CE30300B6FC56 /* GComponent.m in Sources */,
				6C3586DC154CE30300B6FC56 /* GImage.m in Sources */,
				6C3586DD154CE30300B6FC56 /* GLabel.m in Sources */,
				6C3586DE154CE30300B6FC56 /* ColorUtil.m in Sources */,
				6C3586DF154CE30300B6FC56 /* DateUtil.m in Sources */,
				6C3586E0154CE30300B6FC56 /* FunctionUtil.m in Sources */,
				6C3586E1154CE30300B6FC56 /* ViewUtil.m in Sources */,
				6C3586E2154CE30300B6FC56 /* GView.m in Sources */,
				6C3586E3154CE30300B6FC56 /* GViewController.m in Sources */,
				6C3586E7154CE47100B6FC56 /* TestAppViewController.m in Sources */,
				6C3586EC154CE51900B6FC56 /* FMDBSuite.m in Sources */,
				6C3586EF154CE55D00B6FC56 /* CreateDatabaseTestCase.m in Sources */,
				6C3586F4154CE90C00B6FC56 /* FMDModel.m in Sources */,
				6C3586F7154CEA2A00B6FC56 /* Product.m in Sources */,
				6C3586FA154CEB2F00B6FC56 /* Database.m in Sources */,
				6C3586FD154D84DB00B6FC56 /* ProductTestCase.m in Sources */,
			);
			runOnlyForDeploymentPostprocessing = 0;
		};
/* End PBXSourcesBuildPhase section */

/* Begin PBXVariantGroup section */
		6C35862E154CE1DE00B6FC56 /* InfoPlist.strings */ = {
			isa = PBXVariantGroup;
			children = (
				6C35862F154CE1DE00B6FC56 /* en */,
			);
			name = InfoPlist.strings;
			sourceTree = "<group>";
		};
/* End PBXVariantGroup section */

/* Begin XCBuildConfiguration section */
		6C358637154CE1DE00B6FC56 /* Debug */ = {
			isa = XCBuildConfiguration;
			buildSettings = {
				ALWAYS_SEARCH_USER_PATHS = NO;
				ARCHS = "$(ARCHS_STANDARD_32_BIT)";
				"CODE_SIGN_IDENTITY[sdk=iphoneos*]" = "iPhone Developer";
				COPY_PHASE_STRIP = NO;
				GCC_C_LANGUAGE_STANDARD = gnu99;
				GCC_DYNAMIC_NO_PIC = NO;
				GCC_OPTIMIZATION_LEVEL = 0;
				GCC_PREPROCESSOR_DEFINITIONS = (
					"DEBUG=1",
					"$(inherited)",
				);
				GCC_SYMBOLS_PRIVATE_EXTERN = NO;
				GCC_VERSION = com.apple.compilers.llvm.clang.1_0;
				GCC_WARN_ABOUT_RETURN_TYPE = YES;
				GCC_WARN_UNINITIALIZED_AUTOS = YES;
				GCC_WARN_UNUSED_VARIABLE = YES;
				IPHONEOS_DEPLOYMENT_TARGET = 5.1;
				SDKROOT = iphoneos;
				TARGETED_DEVICE_FAMILY = "1,2";
			};
			name = Debug;
		};
		6C358638154CE1DE00B6FC56 /* Release */ = {
			isa = XCBuildConfiguration;
			buildSettings = {
				ALWAYS_SEARCH_USER_PATHS = NO;
				ARCHS = "$(ARCHS_STANDARD_32_BIT)";
				"CODE_SIGN_IDENTITY[sdk=iphoneos*]" = "iPhone Developer";
				COPY_PHASE_STRIP = YES;
				GCC_C_LANGUAGE_STANDARD = gnu99;
				GCC_VERSION = com.apple.compilers.llvm.clang.1_0;
				GCC_WARN_ABOUT_RETURN_TYPE = YES;
				GCC_WARN_UNINITIALIZED_AUTOS = YES;
				GCC_WARN_UNUSED_VARIABLE = YES;
				IPHONEOS_DEPLOYMENT_TARGET = 5.1;
				OTHER_CFLAGS = "-DNS_BLOCK_ASSERTIONS=1";
				SDKROOT = iphoneos;
				TARGETED_DEVICE_FAMILY = "1,2";
				VALIDATE_PRODUCT = YES;
			};
			name = Release;
		};
		6C35863A154CE1DE00B6FC56 /* Debug */ = {
			isa = XCBuildConfiguration;
			buildSettings = {
				GCC_PRECOMPILE_PREFIX_HEADER = YES;
				GCC_PREFIX_HEADER = "FMDB/FMDB-Prefix.pch";
				INFOPLIST_FILE = "FMDB/FMDB-Info.plist";
				PRODUCT_NAME = "$(TARGET_NAME)";
				WRAPPER_EXTENSION = app;
			};
			name = Debug;
		};
		6C35863B154CE1DE00B6FC56 /* Release */ = {
			isa = XCBuildConfiguration;
			buildSettings = {
				GCC_PRECOMPILE_PREFIX_HEADER = YES;
				GCC_PREFIX_HEADER = "FMDB/FMDB-Prefix.pch";
				INFOPLIST_FILE = "FMDB/FMDB-Info.plist";
				PRODUCT_NAME = "$(TARGET_NAME)";
				WRAPPER_EXTENSION = app;
			};
			name = Release;
		};
/* End XCBuildConfiguration section */

/* Begin XCConfigurationList section */
		6C35861B154CE1DD00B6FC56 /* Build configuration list for PBXProject "FMDB" */ = {
			isa = XCConfigurationList;
			buildConfigurations = (
				6C358637154CE1DE00B6FC56 /* Debug */,
				6C358638154CE1DE00B6FC56 /* Release */,
			);
			defaultConfigurationIsVisible = 0;
			defaultConfigurationName = Release;
		};
		6C358639154CE1DE00B6FC56 /* Build configuration list for PBXNativeTarget "FMDB" */ = {
			isa = XCConfigurationList;
			buildConfigurations = (
				6C35863A154CE1DE00B6FC56 /* Debug */,
				6C35863B154CE1DE00B6FC56 /* Release */,
			);
			defaultConfigurationIsVisible = 0;
			defaultConfigurationName = Release;
		};
/* End XCConfigurationList section */
	};
	rootObject = 6C358618154CE1DD00B6FC56 /* Project object */;
}
